
Microsoft Visual Studio Solution File, Format Version 12.00
# Visual Studio Version 17
VisualStudioVersion = 17.5.002.0
MinimumVisualStudioVersion = 10.0.40219.1
Project("{9A19103F-16F7-4668-BE54-9A1E7A4F7556}") = "backend", "backend\backend.csproj", "{08E55058-60D1-4F72-89D4-425E4F06F1DB}"
EndProject
Global
	GlobalSection(SolutionConfigurationPlatforms) = preSolution
		Debug|Any CPU = Debug|Any CPU
		Release|Any CPU = Release|Any CPU
	EndGlobalSection
	GlobalSection(ProjectConfigurationPlatforms) = postSolution
		{08E55058-60D1-4F72-89D4-425E4F06F1DB}.Debug|Any CPU.ActiveCfg = Debug|Any CPU
		{08E55058-60D1-4F72-89D4-425E4F06F1DB}.Debug|Any CPU.Build.0 = Debug|Any CPU
		{08E55058-60D1-4F72-89D4-425E4F06F1DB}.Release|Any CPU.ActiveCfg = Release|Any CPU
		{08E55058-60D1-4F72-89D4-425E4F06F1DB}.Release|Any CPU.Build.0 = Release|Any CPU
	EndGlobalSection
	GlobalSection(SolutionProperties) = preSolution
		HideSolutionNode = FALSE
	EndGlobalSection
	GlobalSection(ExtensibilityGlobals) = postSolution
		SolutionGuid = {5B676F47-722F-40D5-9C9C-82D67D686AB5}
	EndGlobalSection
EndGlobal
